
Microsoft Visual Studio Solution File, Format Version 12.00
# Visual Studio Version 16
VisualStudioVersion = 16.0.29424.173
MinimumVisualStudioVersion = 10.0.40219.1
Project("{FAE04EC0-301F-11D3-BF4B-00C04F79EFBC}") = "FL4", "FL4\FL4.csproj", "{E96079E3-A991-4C14-B626-69854BB88804}"
EndProject
Project("{FAE04EC0-301F-11D3-BF4B-00C04F79EFBC}") = "Yatzy", "Yatzy\Yatzy.csproj", "{311C1AE5-9E27-4E2D-8449-0D445475A6B8}"
EndProject
Project("{FAE04EC0-301F-11D3-BF4B-00C04F79EFBC}") = "FL5", "FL5\FL5.csproj", "{ADFC2A7A-AB67-4C33-B3AE-B2187417BC98}"
EndProject
Project("{FAE04EC0-301F-11D3-BF4B-00C04F79EFBC}") = "TentauppgiftFL5", "TentauppgiftFL5\TentauppgiftFL5.csproj", "{CF7D2545-3957-45C2-9C3C-32FAB5A65D04}"
EndProject
Global
	GlobalSection(SolutionConfigurationPlatforms) = preSolution
		Debug|Any CPU = Debug|Any CPU
		Release|Any CPU = Release|Any CPU
	EndGlobalSection
	GlobalSection(ProjectConfigurationPlatforms) = postSolution
		{E96079E3-A991-4C14-B626-69854BB88804}.Debug|Any CPU.ActiveCfg = Debug|Any CPU
		{E96079E3-A991-4C14-B626-69854BB88804}.Debug|Any CPU.Build.0 = Debug|Any CPU
		{E96079E3-A991-4C14-B626-69854BB88804}.Release|Any CPU.ActiveCfg = Release|Any CPU
		{E96079E3-A991-4C14-B626-69854BB88804}.Release|Any CPU.Build.0 = Release|Any CPU
		{311C1AE5-9E27-4E2D-8449-0D445475A6B8}.Debug|Any CPU.ActiveCfg = Debug|Any CPU
		{311C1AE5-9E27-4E2D-8449-0D445475A6B8}.Debug|Any CPU.Build.0 = Debug|Any CPU
		{311C1AE5-9E27-4E2D-8449-0D445475A6B8}.Release|Any CPU.ActiveCfg = Release|Any CPU
		{311C1AE5-9E27-4E2D-8449-0D445475A6B8}.Release|Any CPU.Build.0 = Release|Any CPU
		{ADFC2A7A-AB67-4C33-B3AE-B2187417BC98}.Debug|Any CPU.ActiveCfg = Debug|Any CPU
		{ADFC2A7A-AB67-4C33-B3AE-B2187417BC98}.Debug|Any CPU.Build.0 = Debug|Any CPU
		{ADFC2A7A-AB67-4C33-B3AE-B2187417BC98}.Release|Any CPU.ActiveCfg = Release|Any CPU
		{ADFC2A7A-AB67-4C33-B3AE-B2187417BC98}.Release|Any CPU.Build.0 = Release|Any CPU
		{CF7D2545-3957-45C2-9C3C-32FAB5A65D04}.Debug|Any CPU.ActiveCfg = Debug|Any CPU
		{CF7D2545-3957-45C2-9C3C-32FAB5A65D04}.Debug|Any CPU.Build.0 = Debug|Any CPU
		{CF7D2545-3957-45C2-9C3C-32FAB5A65D04}.Release|Any CPU.ActiveCfg = Release|Any CPU
		{CF7D2545-3957-45C2-9C3C-32FAB5A65D04}.Release|Any CPU.Build.0 = Release|Any CPU
	EndGlobalSection
	GlobalSection(SolutionProperties) = preSolution
		HideSolutionNode = FALSE
	EndGlobalSection
	GlobalSection(ExtensibilityGlobals) = postSolution
		SolutionGuid = {25C648E4-BDA1-485B-AF15-4383D5DA3CF4}
	EndGlobalSection
EndGlobal
